
Microsoft Visual Studio Solution File, Format Version 12.00
# Visual Studio Version 16
VisualStudioVersion = 16.0.30717.126
MinimumVisualStudioVersion = 10.0.40219.1
Project("{2150E333-8FDC-42A3-9474-1A3956D46DE8}") = "Core", "Core", "{BDA43883-8A14-4D71-9D70-804DF6C48581}"
EndProject
Project("{2150E333-8FDC-42A3-9474-1A3956D46DE8}") = "Infrastructure", "Infrastructure", "{39726FEE-8958-4115-B0A0-1F711D4EEE8C}"
EndProject
Project("{2150E333-8FDC-42A3-9474-1A3956D46DE8}") = "Presentation", "Presentation", "{5E048544-2A5B-43D5-9231-052403F0DD60}"
EndProject
Project("{2150E333-8FDC-42A3-9474-1A3956D46DE8}") = "Shared Kernel", "Shared Kernel", "{2AAC66A3-6D24-43DB-9E0F-23A8FDB05DFC}"
EndProject
Project("{9A19103F-16F7-4668-BE54-9A1E7A4F7556}") = "Infra.Common.Models", "Infrastructure\Infra.Common.Models\Infra.Common.Models.csproj", "{74D2A1CF-6515-468F-B082-12B3D90B8968}"
EndProject
Project("{9A19103F-16F7-4668-BE54-9A1E7A4F7556}") = "Infra.OAuth", "Infrastructure\Infra.Authentication.Service\Infra.OAuth\Infra.OAuth.csproj", "{55E593D7-A66D-4410-BE88-8CEB94E0B84F}"
EndProject
Project("{9A19103F-16F7-4668-BE54-9A1E7A4F7556}") = "Infra.DomainDrivenDesign.Base", "Infrastructure\Infra.DomainDrivenDesign.Base\Infra.DomainDrivenDesign.Base.csproj", "{CAD16A93-365E-4D9A-9211-2CE7AF896C2A}"
EndProject
Project("{9A19103F-16F7-4668-BE54-9A1E7A4F7556}") = "Troupon.Catalog.Core.Application", "Troupon.Catalog.Core.Application\Troupon.Catalog.Core.Application.csproj", "{22B1E2C5-6DA5-4A4C-AAFA-586DF599BEC3}"
EndProject
Project("{9A19103F-16F7-4668-BE54-9A1E7A4F7556}") = "Troupon.Catalog.Core.Domain", "Troupon.Catalog.Core.Domain\Troupon.Catalog.Core.Domain.csproj", "{6B96CD04-C02B-48BC-83BB-0EF4D274DC24}"
EndProject
Project("{9A19103F-16F7-4668-BE54-9A1E7A4F7556}") = "Troupon.Catalog.Infra.Persistence", "Troupon.Catalog.Infra.Persistance\Troupon.Catalog.Infra.Persistence.csproj", "{42EBCD58-F80B-47EE-BB98-99CC1BD2D480}"
EndProject
Project("{9A19103F-16F7-4668-BE54-9A1E7A4F7556}") = "Troupon.Catalog.Api", "Troupon.Catalog.Api\Troupon.Catalog.Api.csproj", "{713CC65A-C5D9-41C1-A9AF-BF333A2BAFA8}"
EndProject
Project("{9A19103F-16F7-4668-BE54-9A1E7A4F7556}") = "Troupon.Catalog.Integration.Tests", "Troupon.Catalog.Api.Test\Troupon.Catalog.Integration.Tests.csproj", "{BE2816B4-66B0-4F23-A94B-21EDD7FF83F5}"
EndProject
Project("{9A19103F-16F7-4668-BE54-9A1E7A4F7556}") = "Troupon.Catalog.Client.SDK", "Troupon.Catalog.Client.SDK\Troupon.Catalog.Client.SDK.csproj", "{04F92A7F-2A26-432F-B2A8-BBB78B017325}"
EndProject
Project("{2150E333-8FDC-42A3-9474-1A3956D46DE8}") = "Authentication", "Authentication", "{CB32E531-01E9-480B-B2AD-2D50E1B2EB92}"
EndProject
Project("{2150E333-8FDC-42A3-9474-1A3956D46DE8}") = "Persistance", "Persistance", "{44F08FF2-DFC3-49E2-A0CF-88AD3B572B78}"
EndProject
Project("{2150E333-8FDC-42A3-9474-1A3956D46DE8}") = "MediatR", "MediatR", "{E28A09B9-E9C8-4966-8C7A-59E8DBB83FA1}"
EndProject
Project("{9A19103F-16F7-4668-BE54-9A1E7A4F7556}") = "Infra.MediatR.Caching", "Infrastructure\Infra.MediatR\Infra.MediatR.Caching\Infra.MediatR.Caching.csproj", "{281AEEA8-EBD5-48DF-8007-E40F88678954}"
EndProject
Project("{9A19103F-16F7-4668-BE54-9A1E7A4F7556}") = "Infra.MediatR.Caching.Extensions", "Infrastructure\Infra.MediatR\Infra.MediatR.Caching.Extensions\Infra.MediatR.Caching.Extensions.csproj", "{A554EA1F-9721-45D9-9FB4-80FBC0312BD3}"
EndProject
Project("{9A19103F-16F7-4668-BE54-9A1E7A4F7556}") = "Infra.MediatR.Events", "Infrastructure\Infra.MediatR\Infra.MediatR.Events\Infra.MediatR.Events.csproj", "{9BADFD0B-A146-4AE4-86C2-07D34964A621}"
EndProject
Project("{9A19103F-16F7-4668-BE54-9A1E7A4F7556}") = "Infra.MediatR.Logging", "Infrastructure\Infra.MediatR\Infra.MediatR.Logging\Infra.MediatR.Logging.csproj", "{B6945F9A-D166-45D8-9058-6928ABA4A618}"
EndProject
Project("{9A19103F-16F7-4668-BE54-9A1E7A4F7556}") = "Infra.MediatR.Validation", "Infrastructure\Infra.MediatR\Infra.MediatR.Validation\Infra.MediatR.Validation.csproj", "{6F57A2C5-8AB5-4BCB-882A-7E7F0A6F383D}"
EndProject
Project("{9A19103F-16F7-4668-BE54-9A1E7A4F7556}") = "Infra.MediatR.Validation.Extensions", "Infrastructure\Infra.MediatR\Infra.MediatR.Validation.Extensions\Infra.MediatR.Validation.Extensions.csproj", "{9396592B-6C97-4040-AE14-65F97E151676}"
EndProject
Project("{9A19103F-16F7-4668-BE54-9A1E7A4F7556}") = "Infra.Persistence", "Infrastructure\Infra.Persistence\Infra.Persistence\Infra.Persistence.csproj", "{94B96DF5-B2AE-4960-BA19-10E9C7072396}"
EndProject
Project("{9A19103F-16F7-4668-BE54-9A1E7A4F7556}") = "Infra.Persistence.EntityFramework", "Infrastructure\Infra.Persistence\Infra.Persistence.EntityFramework\Infra.Persistence.EntityFramework.csproj", "{AE45FF89-B1E4-4582-B590-259014FADB1F}"
EndProject
Project("{9A19103F-16F7-4668-BE54-9A1E7A4F7556}") = "Infra.Persistence.EntityFramework.Extensions", "Infrastructure\Infra.Persistence\Infra.Persistence.EntityFramework.Extensions\Infra.Persistence.EntityFramework.Extensions.csproj", "{E1DA26FC-1C60-4BB7-ABF0-0EF58CCBD6CD}"
EndProject
Project("{9A19103F-16F7-4668-BE54-9A1E7A4F7556}") = "Infra.Persistence.SqlServer.Extensions", "Infrastructure\Infra.Persistence\Infra.Persistence.SqlServer.Extensions\Infra.Persistence.SqlServer.Extensions.csproj", "{611E5BB9-9F65-4049-972E-9737D7CC3A51}"
EndProject
Project("{9A19103F-16F7-4668-BE54-9A1E7A4F7556}") = "Infra.MediatR.Logging.Extensions", "Infrastructure\Infra.MediatR\Infra.MediatR.Logging.Extensions\Infra.MediatR.Logging.Extensions.csproj", "{118D9665-D815-40D8-BCE6-4AD3DD958E9F}"
EndProject
Project("{9A19103F-16F7-4668-BE54-9A1E7A4F7556}") = "Infra.Persistence.Dapper", "Infrastructure\Infra.Persistence\Infra.Persistence.Dapper\Infra.Persistence.Dapper.csproj", "{00C9F16D-BE45-495A-B79D-B82FA017F7B6}"
EndProject
Project("{9A19103F-16F7-4668-BE54-9A1E7A4F7556}") = "Infra.Persistence.Dapper.Extensions", "Infrastructure\Infra.Persistence\Infra.Persistence.Dapper.Extensions\Infra.Persistence.Dapper.Extensions.csproj", "{97A1F02B-6F33-4914-BD4C-4A40A324E55C}"
EndProject
Project("{2150E333-8FDC-42A3-9474-1A3956D46DE8}") = "Api", "Api", "{C126CB3A-6DBB-46F9-A488-AD783106BB6D}"
EndProject
Project("{9A19103F-16F7-4668-BE54-9A1E7A4F7556}") = "Infra.Api", "Infrastructure\Infra.Api\Infra.Api\Infra.Api.csproj", "{F5922893-3FDC-45ED-AA9D-0442636C4961}"
EndProject
Project("{9A19103F-16F7-4668-BE54-9A1E7A4F7556}") = "Infra.OAuth.Controllers", "Infrastructure\Infra.Authentication.Service\Infra.OAuth.Controllers\Infra.OAuth.Controllers.csproj", "{1C3D370B-6E8D-44B7-86AC-D8B9CEFD1E8F}"
EndProject
Project("{9A19103F-16F7-4668-BE54-9A1E7A4F7556}") = "Infra.Authorization.Policies", "Infrastructure\Infra.Authentication.Service\Infra.Authorization.Policies\Infra.Authorization.Policies.csproj", "{FB3A42A2-6660-470D-A860-90C351EE1BFA}"
EndProject
Project("{FAE04EC0-301F-11D3-BF4B-00C04F79EFBC}") = "Infra.Api.SwaggerGen", "Infrastructure\Infra.Api\Infra.Api.SwaggerGen\Infra.Api.SwaggerGen.csproj", "{3CE92E4C-FB61-4A71-AE45-BE4F500892E7}"
EndProject
Project("{FAE04EC0-301F-11D3-BF4B-00C04F79EFBC}") = "Infra.MediatR", "Infrastructure\Infra.MediatR\Infra.MediatR\Infra.MediatR.csproj", "{F97022C1-8D9D-4B42-8CD5-623965C4F971}"
EndProject
Project("{2150E333-8FDC-42A3-9474-1A3956D46DE8}") = "Exceptions", "Exceptions", "{3C7F1572-041F-4574-96AC-AA2D66B86C1F}"
EndProject
Project("{9A19103F-16F7-4668-BE54-9A1E7A4F7556}") = "Infra.Exceptions.ExceptionHandling.Extensions", "Infra.Exceptions.ExceptionHandling.Extensions\Infra.Exceptions.ExceptionHandling.Extensions.csproj", "{B02115FD-8EAA-48A3-BF91-10A701CEB92F}"
EndProject
Project("{FAE04EC0-301F-11D3-BF4B-00C04F79EFBC}") = "Infra.Exceptions.ExceptionHandling", "Infra.Exceptions.ExceptionHandling\Infra.Exceptions.ExceptionHandling.csproj", "{1417F516-157F-4D9D-A301-E46F83A054C8}"
EndProject
Global
	GlobalSection(SolutionConfigurationPlatforms) = preSolution
		Debug|Any CPU = Debug|Any CPU
		Release|Any CPU = Release|Any CPU
	EndGlobalSection
	GlobalSection(ProjectConfigurationPlatforms) = postSolution
		{74D2A1CF-6515-468F-B082-12B3D90B8968}.Debug|Any CPU.ActiveCfg = Debug|Any CPU
		{74D2A1CF-6515-468F-B082-12B3D90B8968}.Debug|Any CPU.Build.0 = Debug|Any CPU
		{74D2A1CF-6515-468F-B082-12B3D90B8968}.Release|Any CPU.ActiveCfg = Release|Any CPU
		{74D2A1CF-6515-468F-B082-12B3D90B8968}.Release|Any CPU.Build.0 = Release|Any CPU
		{55E593D7-A66D-4410-BE88-8CEB94E0B84F}.Debug|Any CPU.ActiveCfg = Debug|Any CPU
		{55E593D7-A66D-4410-BE88-8CEB94E0B84F}.Debug|Any CPU.Build.0 = Debug|Any CPU
		{55E593D7-A66D-4410-BE88-8CEB94E0B84F}.Release|Any CPU.ActiveCfg = Release|Any CPU
		{55E593D7-A66D-4410-BE88-8CEB94E0B84F}.Release|Any CPU.Build.0 = Release|Any CPU
		{CAD16A93-365E-4D9A-9211-2CE7AF896C2A}.Debug|Any CPU.ActiveCfg = Debug|Any CPU
		{CAD16A93-365E-4D9A-9211-2CE7AF896C2A}.Debug|Any CPU.Build.0 = Debug|Any CPU
		{CAD16A93-365E-4D9A-9211-2CE7AF896C2A}.Release|Any CPU.ActiveCfg = Release|Any CPU
		{CAD16A93-365E-4D9A-9211-2CE7AF896C2A}.Release|Any CPU.Build.0 = Release|Any CPU
		{22B1E2C5-6DA5-4A4C-AAFA-586DF599BEC3}.Debug|Any CPU.ActiveCfg = Debug|Any CPU
		{22B1E2C5-6DA5-4A4C-AAFA-586DF599BEC3}.Debug|Any CPU.Build.0 = Debug|Any CPU
		{22B1E2C5-6DA5-4A4C-AAFA-586DF599BEC3}.Release|Any CPU.ActiveCfg = Release|Any CPU
		{22B1E2C5-6DA5-4A4C-AAFA-586DF599BEC3}.Release|Any CPU.Build.0 = Release|Any CPU
		{6B96CD04-C02B-48BC-83BB-0EF4D274DC24}.Debug|Any CPU.ActiveCfg = Debug|Any CPU
		{6B96CD04-C02B-48BC-83BB-0EF4D274DC24}.Debug|Any CPU.Build.0 = Debug|Any CPU
		{6B96CD04-C02B-48BC-83BB-0EF4D274DC24}.Release|Any CPU.ActiveCfg = Release|Any CPU
		{6B96CD04-C02B-48BC-83BB-0EF4D274DC24}.Release|Any CPU.Build.0 = Release|Any CPU
		{42EBCD58-F80B-47EE-BB98-99CC1BD2D480}.Debug|Any CPU.ActiveCfg = Debug|Any CPU
		{42EBCD58-F80B-47EE-BB98-99CC1BD2D480}.Debug|Any CPU.Build.0 = Debug|Any CPU
		{42EBCD58-F80B-47EE-BB98-99CC1BD2D480}.Release|Any CPU.ActiveCfg = Release|Any CPU
		{42EBCD58-F80B-47EE-BB98-99CC1BD2D480}.Release|Any CPU.Build.0 = Release|Any CPU
		{713CC65A-C5D9-41C1-A9AF-BF333A2BAFA8}.Debug|Any CPU.ActiveCfg = Debug|Any CPU
		{713CC65A-C5D9-41C1-A9AF-BF333A2BAFA8}.Debug|Any CPU.Build.0 = Debug|Any CPU
		{713CC65A-C5D9-41C1-A9AF-BF333A2BAFA8}.Release|Any CPU.ActiveCfg = Release|Any CPU
		{713CC65A-C5D9-41C1-A9AF-BF333A2BAFA8}.Release|Any CPU.Build.0 = Release|Any CPU
		{BE2816B4-66B0-4F23-A94B-21EDD7FF83F5}.Debug|Any CPU.ActiveCfg = Debug|Any CPU
		{BE2816B4-66B0-4F23-A94B-21EDD7FF83F5}.Debug|Any CPU.Build.0 = Debug|Any CPU
		{BE2816B4-66B0-4F23-A94B-21EDD7FF83F5}.Release|Any CPU.ActiveCfg = Release|Any CPU
		{BE2816B4-66B0-4F23-A94B-21EDD7FF83F5}.Release|Any CPU.Build.0 = Release|Any CPU
		{04F92A7F-2A26-432F-B2A8-BBB78B017325}.Debug|Any CPU.ActiveCfg = Debug|Any CPU
		{04F92A7F-2A26-432F-B2A8-BBB78B017325}.Debug|Any CPU.Build.0 = Debug|Any CPU
		{04F92A7F-2A26-432F-B2A8-BBB78B017325}.Release|Any CPU.ActiveCfg = Release|Any CPU
		{04F92A7F-2A26-432F-B2A8-BBB78B017325}.Release|Any CPU.Build.0 = Release|Any CPU
		{281AEEA8-EBD5-48DF-8007-E40F88678954}.Debug|Any CPU.ActiveCfg = Debug|Any CPU
		{281AEEA8-EBD5-48DF-8007-E40F88678954}.Debug|Any CPU.Build.0 = Debug|Any CPU
		{281AEEA8-EBD5-48DF-8007-E40F88678954}.Release|Any CPU.ActiveCfg = Release|Any CPU
		{281AEEA8-EBD5-48DF-8007-E40F88678954}.Release|Any CPU.Build.0 = Release|Any CPU
		{A554EA1F-9721-45D9-9FB4-80FBC0312BD3}.Debug|Any CPU.ActiveCfg = Debug|Any CPU
		{A554EA1F-9721-45D9-9FB4-80FBC0312BD3}.Debug|Any CPU.Build.0 = Debug|Any CPU
		{A554EA1F-9721-45D9-9FB4-80FBC0312BD3}.Release|Any CPU.ActiveCfg = Release|Any CPU
		{A554EA1F-9721-45D9-9FB4-80FBC0312BD3}.Release|Any CPU.Build.0 = Release|Any CPU
		{9BADFD0B-A146-4AE4-86C2-07D34964A621}.Debug|Any CPU.ActiveCfg = Debug|Any CPU
		{9BADFD0B-A146-4AE4-86C2-07D34964A621}.Debug|Any CPU.Build.0 = Debug|Any CPU
		{9BADFD0B-A146-4AE4-86C2-07D34964A621}.Release|Any CPU.ActiveCfg = Release|Any CPU
		{9BADFD0B-A146-4AE4-86C2-07D34964A621}.Release|Any CPU.Build.0 = Release|Any CPU
		{B6945F9A-D166-45D8-9058-6928ABA4A618}.Debug|Any CPU.ActiveCfg = Debug|Any CPU
		{B6945F9A-D166-45D8-9058-6928ABA4A618}.Debug|Any CPU.Build.0 = Debug|Any CPU
		{B6945F9A-D166-45D8-9058-6928ABA4A618}.Release|Any CPU.ActiveCfg = Release|Any CPU
		{B6945F9A-D166-45D8-9058-6928ABA4A618}.Release|Any CPU.Build.0 = Release|Any CPU
		{6F57A2C5-8AB5-4BCB-882A-7E7F0A6F383D}.Debug|Any CPU.ActiveCfg = Debug|Any CPU
		{6F57A2C5-8AB5-4BCB-882A-7E7F0A6F383D}.Debug|Any CPU.Build.0 = Debug|Any CPU
		{6F57A2C5-8AB5-4BCB-882A-7E7F0A6F383D}.Release|Any CPU.ActiveCfg = Release|Any CPU
		{6F57A2C5-8AB5-4BCB-882A-7E7F0A6F383D}.Release|Any CPU.Build.0 = Release|Any CPU
		{9396592B-6C97-4040-AE14-65F97E151676}.Debug|Any CPU.ActiveCfg = Debug|Any CPU
		{9396592B-6C97-4040-AE14-65F97E151676}.Debug|Any CPU.Build.0 = Debug|Any CPU
		{9396592B-6C97-4040-AE14-65F97E151676}.Release|Any CPU.ActiveCfg = Release|Any CPU
		{9396592B-6C97-4040-AE14-65F97E151676}.Release|Any CPU.Build.0 = Release|Any CPU
		{94B96DF5-B2AE-4960-BA19-10E9C7072396}.Debug|Any CPU.ActiveCfg = Debug|Any CPU
		{94B96DF5-B2AE-4960-BA19-10E9C7072396}.Debug|Any CPU.Build.0 = Debug|Any CPU
		{94B96DF5-B2AE-4960-BA19-10E9C7072396}.Release|Any CPU.ActiveCfg = Release|Any CPU
		{94B96DF5-B2AE-4960-BA19-10E9C7072396}.Release|Any CPU.Build.0 = Release|Any CPU
		{AE45FF89-B1E4-4582-B590-259014FADB1F}.Debug|Any CPU.ActiveCfg = Debug|Any CPU
		{AE45FF89-B1E4-4582-B590-259014FADB1F}.Debug|Any CPU.Build.0 = Debug|Any CPU
		{AE45FF89-B1E4-4582-B590-259014FADB1F}.Release|Any CPU.ActiveCfg = Release|Any CPU
		{AE45FF89-B1E4-4582-B590-259014FADB1F}.Release|Any CPU.Build.0 = Release|Any CPU
		{E1DA26FC-1C60-4BB7-ABF0-0EF58CCBD6CD}.Debug|Any CPU.ActiveCfg = Debug|Any CPU
		{E1DA26FC-1C60-4BB7-ABF0-0EF58CCBD6CD}.Debug|Any CPU.Build.0 = Debug|Any CPU
		{E1DA26FC-1C60-4BB7-ABF0-0EF58CCBD6CD}.Release|Any CPU.ActiveCfg = Release|Any CPU
		{E1DA26FC-1C60-4BB7-ABF0-0EF58CCBD6CD}.Release|Any CPU.Build.0 = Release|Any CPU
		{611E5BB9-9F65-4049-972E-9737D7CC3A51}.Debug|Any CPU.ActiveCfg = Debug|Any CPU
		{611E5BB9-9F65-4049-972E-9737D7CC3A51}.Debug|Any CPU.Build.0 = Debug|Any CPU
		{611E5BB9-9F65-4049-972E-9737D7CC3A51}.Release|Any CPU.ActiveCfg = Release|Any CPU
		{611E5BB9-9F65-4049-972E-9737D7CC3A51}.Release|Any CPU.Build.0 = Release|Any CPU
		{118D9665-D815-40D8-BCE6-4AD3DD958E9F}.Debug|Any CPU.ActiveCfg = Debug|Any CPU
		{118D9665-D815-40D8-BCE6-4AD3DD958E9F}.Debug|Any CPU.Build.0 = Debug|Any CPU
		{118D9665-D815-40D8-BCE6-4AD3DD958E9F}.Release|Any CPU.ActiveCfg = Release|Any CPU
		{118D9665-D815-40D8-BCE6-4AD3DD958E9F}.Release|Any CPU.Build.0 = Release|Any CPU
		{00C9F16D-BE45-495A-B79D-B82FA017F7B6}.Debug|Any CPU.ActiveCfg = Debug|Any CPU
		{00C9F16D-BE45-495A-B79D-B82FA017F7B6}.Debug|Any CPU.Build.0 = Debug|Any CPU
		{00C9F16D-BE45-495A-B79D-B82FA017F7B6}.Release|Any CPU.ActiveCfg = Release|Any CPU
		{00C9F16D-BE45-495A-B79D-B82FA017F7B6}.Release|Any CPU.Build.0 = Release|Any CPU
		{97A1F02B-6F33-4914-BD4C-4A40A324E55C}.Debug|Any CPU.ActiveCfg = Debug|Any CPU
		{97A1F02B-6F33-4914-BD4C-4A40A324E55C}.Debug|Any CPU.Build.0 = Debug|Any CPU
		{97A1F02B-6F33-4914-BD4C-4A40A324E55C}.Release|Any CPU.ActiveCfg = Release|Any CPU
		{97A1F02B-6F33-4914-BD4C-4A40A324E55C}.Release|Any CPU.Build.0 = Release|Any CPU
		{F5922893-3FDC-45ED-AA9D-0442636C4961}.Debug|Any CPU.ActiveCfg = Debug|Any CPU
		{F5922893-3FDC-45ED-AA9D-0442636C4961}.Debug|Any CPU.Build.0 = Debug|Any CPU
		{F5922893-3FDC-45ED-AA9D-0442636C4961}.Release|Any CPU.ActiveCfg = Release|Any CPU
		{F5922893-3FDC-45ED-AA9D-0442636C4961}.Release|Any CPU.Build.0 = Release|Any CPU
		{1C3D370B-6E8D-44B7-86AC-D8B9CEFD1E8F}.Debug|Any CPU.ActiveCfg = Debug|Any CPU
		{1C3D370B-6E8D-44B7-86AC-D8B9CEFD1E8F}.Debug|Any CPU.Build.0 = Debug|Any CPU
		{1C3D370B-6E8D-44B7-86AC-D8B9CEFD1E8F}.Release|Any CPU.ActiveCfg = Release|Any CPU
		{1C3D370B-6E8D-44B7-86AC-D8B9CEFD1E8F}.Release|Any CPU.Build.0 = Release|Any CPU
		{FB3A42A2-6660-470D-A860-90C351EE1BFA}.Debug|Any CPU.ActiveCfg = Debug|Any CPU
		{FB3A42A2-6660-470D-A860-90C351EE1BFA}.Debug|Any CPU.Build.0 = Debug|Any CPU
		{FB3A42A2-6660-470D-A860-90C351EE1BFA}.Release|Any CPU.ActiveCfg = Release|Any CPU
		{FB3A42A2-6660-470D-A860-90C351EE1BFA}.Release|Any CPU.Build.0 = Release|Any CPU
		{3CE92E4C-FB61-4A71-AE45-BE4F500892E7}.Debug|Any CPU.ActiveCfg = Debug|Any CPU
		{3CE92E4C-FB61-4A71-AE45-BE4F500892E7}.Debug|Any CPU.Build.0 = Debug|Any CPU
		{3CE92E4C-FB61-4A71-AE45-BE4F500892E7}.Release|Any CPU.ActiveCfg = Release|Any CPU
		{3CE92E4C-FB61-4A71-AE45-BE4F500892E7}.Release|Any CPU.Build.0 = Release|Any CPU
		{F97022C1-8D9D-4B42-8CD5-623965C4F971}.Debug|Any CPU.ActiveCfg = Debug|Any CPU
		{F97022C1-8D9D-4B42-8CD5-623965C4F971}.Debug|Any CPU.Build.0 = Debug|Any CPU
		{F97022C1-8D9D-4B42-8CD5-623965C4F971}.Release|Any CPU.ActiveCfg = Release|Any CPU
		{F97022C1-8D9D-4B42-8CD5-623965C4F971}.Release|Any CPU.Build.0 = Release|Any CPU
		{B02115FD-8EAA-48A3-BF91-10A701CEB92F}.Debug|Any CPU.ActiveCfg = Debug|Any CPU
		{B02115FD-8EAA-48A3-BF91-10A701CEB92F}.Debug|Any CPU.Build.0 = Debug|Any CPU
		{B02115FD-8EAA-48A3-BF91-10A701CEB92F}.Release|Any CPU.ActiveCfg = Release|Any CPU
		{B02115FD-8EAA-48A3-BF91-10A701CEB92F}.Release|Any CPU.Build.0 = Release|Any CPU
		{1417F516-157F-4D9D-A301-E46F83A054C8}.Debug|Any CPU.ActiveCfg = Debug|Any CPU
		{1417F516-157F-4D9D-A301-E46F83A054C8}.Debug|Any CPU.Build.0 = Debug|Any CPU
		{1417F516-157F-4D9D-A301-E46F83A054C8}.Release|Any CPU.ActiveCfg = Release|Any CPU
		{1417F516-157F-4D9D-A301-E46F83A054C8}.Release|Any CPU.Build.0 = Release|Any CPU
	EndGlobalSection
	GlobalSection(SolutionProperties) = preSolution
		HideSolutionNode = FALSE
	EndGlobalSection
	GlobalSection(NestedProjects) = preSolution
		{74D2A1CF-6515-468F-B082-12B3D90B8968} = {2AAC66A3-6D24-43DB-9E0F-23A8FDB05DFC}
		{55E593D7-A66D-4410-BE88-8CEB94E0B84F} = {CB32E531-01E9-480B-B2AD-2D50E1B2EB92}
		{CAD16A93-365E-4D9A-9211-2CE7AF896C2A} = {2AAC66A3-6D24-43DB-9E0F-23A8FDB05DFC}
		{22B1E2C5-6DA5-4A4C-AAFA-586DF599BEC3} = {BDA43883-8A14-4D71-9D70-804DF6C48581}
		{6B96CD04-C02B-48BC-83BB-0EF4D274DC24} = {BDA43883-8A14-4D71-9D70-804DF6C48581}
		{42EBCD58-F80B-47EE-BB98-99CC1BD2D480} = {39726FEE-8958-4115-B0A0-1F711D4EEE8C}
		{713CC65A-C5D9-41C1-A9AF-BF333A2BAFA8} = {5E048544-2A5B-43D5-9231-052403F0DD60}
		{BE2816B4-66B0-4F23-A94B-21EDD7FF83F5} = {5E048544-2A5B-43D5-9231-052403F0DD60}
		{04F92A7F-2A26-432F-B2A8-BBB78B017325} = {5E048544-2A5B-43D5-9231-052403F0DD60}
		{CB32E531-01E9-480B-B2AD-2D50E1B2EB92} = {2AAC66A3-6D24-43DB-9E0F-23A8FDB05DFC}
		{44F08FF2-DFC3-49E2-A0CF-88AD3B572B78} = {2AAC66A3-6D24-43DB-9E0F-23A8FDB05DFC}
		{E28A09B9-E9C8-4966-8C7A-59E8DBB83FA1} = {2AAC66A3-6D24-43DB-9E0F-23A8FDB05DFC}
		{281AEEA8-EBD5-48DF-8007-E40F88678954} = {E28A09B9-E9C8-4966-8C7A-59E8DBB83FA1}
		{A554EA1F-9721-45D9-9FB4-80FBC0312BD3} = {E28A09B9-E9C8-4966-8C7A-59E8DBB83FA1}
		{9BADFD0B-A146-4AE4-86C2-07D34964A621} = {E28A09B9-E9C8-4966-8C7A-59E8DBB83FA1}
		{B6945F9A-D166-45D8-9058-6928ABA4A618} = {E28A09B9-E9C8-4966-8C7A-59E8DBB83FA1}
		{6F57A2C5-8AB5-4BCB-882A-7E7F0A6F383D} = {E28A09B9-E9C8-4966-8C7A-59E8DBB83FA1}
		{9396592B-6C97-4040-AE14-65F97E151676} = {E28A09B9-E9C8-4966-8C7A-59E8DBB83FA1}
		{94B96DF5-B2AE-4960-BA19-10E9C7072396} = {44F08FF2-DFC3-49E2-A0CF-88AD3B572B78}
		{AE45FF89-B1E4-4582-B590-259014FADB1F} = {44F08FF2-DFC3-49E2-A0CF-88AD3B572B78}
		{E1DA26FC-1C60-4BB7-ABF0-0EF58CCBD6CD} = {44F08FF2-DFC3-49E2-A0CF-88AD3B572B78}
		{611E5BB9-9F65-4049-972E-9737D7CC3A51} = {44F08FF2-DFC3-49E2-A0CF-88AD3B572B78}
		{118D9665-D815-40D8-BCE6-4AD3DD958E9F} = {E28A09B9-E9C8-4966-8C7A-59E8DBB83FA1}
		{00C9F16D-BE45-495A-B79D-B82FA017F7B6} = {44F08FF2-DFC3-49E2-A0CF-88AD3B572B78}
		{97A1F02B-6F33-4914-BD4C-4A40A324E55C} = {44F08FF2-DFC3-49E2-A0CF-88AD3B572B78}
		{C126CB3A-6DBB-46F9-A488-AD783106BB6D} = {2AAC66A3-6D24-43DB-9E0F-23A8FDB05DFC}
		{F5922893-3FDC-45ED-AA9D-0442636C4961} = {C126CB3A-6DBB-46F9-A488-AD783106BB6D}
		{1C3D370B-6E8D-44B7-86AC-D8B9CEFD1E8F} = {CB32E531-01E9-480B-B2AD-2D50E1B2EB92}
		{FB3A42A2-6660-470D-A860-90C351EE1BFA} = {CB32E531-01E9-480B-B2AD-2D50E1B2EB92}
		{3CE92E4C-FB61-4A71-AE45-BE4F500892E7} = {C126CB3A-6DBB-46F9-A488-AD783106BB6D}
		{F97022C1-8D9D-4B42-8CD5-623965C4F971} = {E28A09B9-E9C8-4966-8C7A-59E8DBB83FA1}
		{3C7F1572-041F-4574-96AC-AA2D66B86C1F} = {2AAC66A3-6D24-43DB-9E0F-23A8FDB05DFC}
		{B02115FD-8EAA-48A3-BF91-10A701CEB92F} = {3C7F1572-041F-4574-96AC-AA2D66B86C1F}
		{1417F516-157F-4D9D-A301-E46F83A054C8} = {3C7F1572-041F-4574-96AC-AA2D66B86C1F}
	EndGlobalSection
	GlobalSection(ExtensibilityGlobals) = postSolution
		SolutionGuid = {63F4EA02-B9BA-404B-9773-D9585A8D5964}
	EndGlobalSection
EndGlobal
